// !$*UTF8*$!
{
	archiveVersion = 1;
	classes = {
	};
	objectVersion = 46;
	objects = {

/* Begin PBXBuildFile section */
		CCCD46BF1CAD12E1004C1705 /* main.m in Sources */ = {isa = PBXBuildFile; fileRef = CCCD46BE1CAD12E1004C1705 /* main.m */; };
		CCCD46C71CAD12F0004C1705 /* Person.m in Sources */ = {isa = PBXBuildFile; fileRef = CCCD46C61CAD12F0004C1705 /* Person.m */; };
		CCCD46CA1CAD12F8004C1705 /* Dog.m in Sources */ = {isa = PBXBuildFile; fileRef = CCCD46C91CAD12F8004C1705 /* Dog.m */; };
/* End PBXBuildFile section */

/* Begin PBXCopyFilesBuildPhase section */
		CCCD46B91CAD12E1004C1705 /* CopyFiles */ = {
			isa = PBXCopyFilesBuildPhase;
			buildActionMask = 2147483647;
			dstPath = /usr/share/man/man1/;
			dstSubfolderSpec = 0;
			files = (
			);
			runOnlyForDeploymentPostprocessing = 1;
		};
/* End PBXCopyFilesBuildPhase section */

/* Begin PBXFileReference section */
		CCCD46BB1CAD12E1004C1705 /* OC-复合(@class和#import) */ = {isa = PBXFileReference; explicitFileType = "compiled.mach-o.executable"; includeInIndex = 0; path = "OC-复合(@class和#import)"; sourceTree = BUILT_PRODUCTS_DIR; };
		CCCD46BE1CAD12E1004C1705 /* main.m */ = {isa = PBXFileReference; lastKnownFileType = sourcecode.c.objc; path = main.m; sourceTree = "<group>"; };
		CCCD46C51CAD12F0004C1705 /* Person.h */ = {isa = PBXFileReference; fileEncoding = 4; lastKnownFileType = sourcecode.c.h; path = Person.h; sourceTree = "<group>"; };
		CCCD46C61CAD12F0004C1705 /* Person.m */ = {isa = PBXFileReference; fileEncoding = 4; lastKnownFileType = sourcecode.c.objc; path = Person.m; sourceTree = "<group>"; };
		CCCD46C81CAD12F8004C1705 /* Dog.h */ = {isa = PBXFileReference; fileEncoding = 4; lastKnownFileType = sourcecode.c.h; path = Dog.h; sourceTree = "<group>"; };
		CCCD46C91CAD12F8004C1705 /* Dog.m */ = {isa = PBXFileReference; fileEncoding = 4; lastKnownFileType = sourcecode.c.objc; path = Dog.m; sourceTree = "<group>"; };
/* End PBXFileReference section */

/* Begin PBXFrameworksBuildPhase section */
		CCCD46B81CAD12E1004C1705 /* Frameworks */ = {
			isa = PBXFrameworksBuildPhase;
			buildActionMask = 2147483647;
			files = (
			);
			runOnlyForDeploymentPostprocessing = 0;
		};
/* End PBXFrameworksBuildPhase section */

/* Begin PBXGroup section */
		CCCD46B21CAD12E1004C1705 = {
			isa = PBXGroup;
			children = (
				CCCD46BD1CAD12E1004C1705 /* OC-复合(@class和#import) */,
				CCCD46BC1CAD12E1004C1705 /* Products */,
			);
			sourceTree = "<group>";
		};
		CCCD46BC1CAD12E1004C1705 /* Products */ = {
			isa = PBXGroup;
			children = (
				CCCD46BB1CAD12E1004C1705 /* OC-复合(@class和#import) */,
			);
			name = Products;
			sourceTree = "<group>";
		};
		CCCD46BD1CAD12E1004C1705 /* OC-复合(@class和#import) */ = {
			isa = PBXGroup;
			children = (
				CCCD46BE1CAD12E1004C1705 /* main.m */,
				CCCD46C51CAD12F0004C1705 /* Person.h */,
				CCCD46C61CAD12F0004C1705 /* Person.m */,
				CCCD46C81CAD12F8004C1705 /* Dog.h */,
				CCCD46C91CAD12F8004C1705 /* Dog.m */,
			);
			path = "OC-复合(@class和#import)";
			sourceTree = "<group>";
		};
/* End PBXGroup section */

/* Begin PBXNativeTarget section */
		CCCD46BA1CAD12E1004C1705 /* OC-复合(@class和#import) */ = {
			isa = PBXNativeTarget;
			buildConfigurationList = CCCD46C21CAD12E1004C1705 /* Build configuration list for PBXNativeTarget "OC-复合(@class和#import)" */;
			buildPhases = (
				CCCD46B71CAD12E1004C1705 /* Sources */,
				CCCD46B81CAD12E1004C1705 /* Frameworks */,
				CCCD46B91CAD12E1004C1705 /* CopyFiles */,
			);
			buildRules = (
			);
			dependencies = (
			);
			name = "OC-复合(@class和#import)";
			productName = "OC-复合(@class和#import)";
			productReference = CCCD46BB1CAD12E1004C1705 /* OC-复合(@class和#import) */;
			productType = "com.apple.product-type.tool";
		};
/* End PBXNativeTarget section */

/* Begin PBXProject section */
		CCCD46B31CAD12E1004C1705 /* Project object */ = {
			isa = PBXProject;
			attributes = {
				LastUpgradeCheck = 0710;
				ORGANIZATIONNAME = qingyun;
				TargetAttributes = {
					CCCD46BA1CAD12E1004C1705 = {
						CreatedOnToolsVersion = 7.1.1;
					};
				};
			};
			buildConfigurationList = CCCD46B61CAD12E1004C1705 /* Build configuration list for PBXProject "OC-复合(@class和#import)" */;
			compatibilityVersion = "Xcode 3.2";
			developmentRegion = English;
			hasScannedForEncodings = 0;
			knownRegions = (
				en,
			);
			mainGroup = CCCD46B21CAD12E1004C1705;
			productRefGroup = CCCD46BC1CAD12E1004C1705 /* Products */;
			projectDirPath = "";
			projectRoot = "";
			targets = (
				CCCD46BA1CAD12E1004C1705 /* OC-复合(@class和#import) */,
			);
		};
/* End PBXProject section */

/* Begin PBXSourcesBuildPhase section */
		CCCD46B71CAD12E1004C1705 /* Sources */ = {
			isa = PBXSourcesBuildPhase;
			buildActionMask = 2147483647;
			files = (
				CCCD46CA1CAD12F8004C1705 /* Dog.m in Sources */,
				CCCD46C71CAD12F0004C1705 /* Person.m in Sources */,
				CCCD46BF1CAD12E1004C1705 /* main.m in Sources */,
			);
			runOnlyForDeploymentPostprocessing = 0;
		};
/* End PBXSourcesBuildPhase section */

/* Begin XCBuildConfiguration section */
		CCCD46C01CAD12E1004C1705 /* Debug */ = {
			isa = XCBuildConfiguration;
			buildSettings = {
				ALWAYS_SEARCH_USER_PATHS = NO;
				CLANG_CXX_LANGUAGE_STANDARD = "gnu++0x";
				CLANG_CXX_LIBRARY = "libc++";
				CLANG_ENABLE_MODULES = YES;
				CLANG_ENABLE_OBJC_ARC = YES;
				CLANG_WARN_BOOL_CONVERSION = YES;
				CLANG_WARN_CONSTANT_CONVERSION = YES;
				CLANG_WARN_DIRECT_OBJC_ISA_USAGE = YES_ERROR;
				CLANG_WARN_EMPTY_BODY = YES;
				CLANG_WARN_ENUM_CONVERSION = YES;
				CLANG_WARN_INT_CONVERSION = YES;
				CLANG_WARN_OBJC_ROOT_CLASS = YES_ERROR;
				CLANG_WARN_UNREACHABLE_CODE = YES;
				CLANG_WARN__DUPLICATE_METHOD_MATCH = YES;
				CODE_SIGN_IDENTITY = "-";
				COPY_PHASE_STRIP = NO;
				DEBUG_INFORMATION_FORMAT = dwarf;
				ENABLE_STRICT_OBJC_MSGSEND = YES;
				ENABLE_TESTABILITY = YES;
				GCC_C_LANGUAGE_STANDARD = gnu99;
				GCC_DYNAMIC_NO_PIC = NO;
				GCC_NO_COMMON_BLOCKS = YES;
				GCC_OPTIMIZATION_LEVEL = 0;
				GCC_PREPROCESSOR_DEFINITIONS = (
					"DEBUG=1",
					"$(inherited)",
				);
				GCC_WARN_64_TO_32_BIT_CONVERSION = YES;
				GCC_WARN_ABOUT_RETURN_TYPE = YES_ERROR;
				GCC_WARN_UNDECLARED_SELECTOR = YES;
				GCC_WARN_UNINITIALIZED_AUTOS = YES_AGGRESSIVE;
				GCC_WARN_UNUSED_FUNCTION = YES;
				GCC_WARN_UNUSED_VARIABLE = YES;
				MACOSX_DEPLOYMENT_TARGET = 10.11;
				MTL_ENABLE_DEBUG_INFO = YES;
				ONLY_ACTIVE_ARCH = YES;
				SDKROOT = macosx;
			};
			name = Debug;
		};
		CCCD46C11CAD12E1004C1705 /* Release */ = {
			isa = XCBuildConfiguration;
			buildSettings = {
				ALWAYS_SEARCH_USER_PATHS = NO;
				CLANG_CXX_LANGUAGE_STANDARD = "gnu++0x";
				CLANG_CXX_LIBRARY = "libc++";
				CLANG_ENABLE_MODULES = YES;
				CLANG_ENABLE_OBJC_ARC = YES;
				CLANG_WARN_BOOL_CONVERSION = YES;
				CLANG_WARN_CONSTANT_CONVERSION = YES;
				CLANG_WARN_DIRECT_OBJC_ISA_USAGE = YES_ERROR;
				CLANG_WARN_EMPTY_BODY = YES;
				CLANG_WARN_ENUM_CONVERSION = YES;
				CLANG_WARN_INT_CONVERSION = YES;
				CLANG_WARN_OBJC_ROOT_CLASS = YES_ERROR;
				CLANG_WARN_UNREACHABLE_CODE = YES;
				CLANG_WARN__DUPLICATE_METHOD_MATCH = YES;
				CODE_SIGN_IDENTITY = "-";
				COPY_PHASE_STRIP = NO;
				DEBUG_INFORMATION_FORMAT = "dwarf-with-dsym";
				ENABLE_NS_ASSERTIONS = NO;
				ENABLE_STRICT_OBJC_MSGSEND = YES;
				GCC_C_LANGUAGE_STANDARD = gnu99;
				GCC_NO_COMMON_BLOCKS = YES;
				GCC_WARN_64_TO_32_BIT_CONVERSION = YES;
				GCC_WARN_ABOUT_RETURN_TYPE = YES_ERROR;
				GCC_WARN_UNDECLARED_SELECTOR = YES;
				GCC_WARN_UNINITIALIZED_AUTOS = YES_AGGRESSIVE;
				GCC_WARN_UNUSED_FUNCTION = YES;
				GCC_WARN_UNUSED_VARIABLE = YES;
				MACOSX_DEPLOYMENT_TARGET = 10.11;
				MTL_ENABLE_DEBUG_INFO = NO;
				SDKROOT = macosx;
			};
			name = Release;
		};
		CCCD46C31CAD12E1004C1705 /* Debug */ = {
			isa = XCBuildConfiguration;
			buildSettings = {
				PRODUCT_NAME = "$(TARGET_NAME)";
			};
			name = Debug;
		};
		CCCD46C41CAD12E1004C1705 /* Release */ = {
			isa = XCBuildConfiguration;
			buildSettings = {
				PRODUCT_NAME = "$(TARGET_NAME)";
			};
			name = Release;
		};
/* End XCBuildConfiguration section */

/* Begin XCConfigurationList section */
		CCCD46B61CAD12E1004C1705 /* Build configuration list for PBXProject "OC-复合(@class和#import)" */ = {
			isa = XCConfigurationList;
			buildConfigurations = (
				CCCD46C01CAD12E1004C1705 /* Debug */,
				CCCD46C11CAD12E1004C1705 /* Release */,
			);
			defaultConfigurationIsVisible = 0;
			defaultConfigurationName = Release;
		};
		CCCD46C21CAD12E1004C1705 /* Build configuration list for PBXNativeTarget "OC-复合(@class和#import)" */ = {
			isa = XCConfigurationList;
			buildConfigurations = (
				CCCD46C31CAD12E1004C1705 /* Debug */,
				CCCD46C41CAD12E1004C1705 /* Release */,
			);
			defaultConfigurationIsVisible = 0;
			defaultConfigurationName = Release;
		};
/* End XCConfigurationList section */
	};
	rootObject = CCCD46B31CAD12E1004C1705 /* Project object */;
}
